
Microsoft Visual Studio Solution File, Format Version 12.00
# Visual Studio Express 2012 for Windows Desktop
Project("{FAE04EC0-301F-11D3-BF4B-00C04F79EFBC}") = "PokeStatFinder", "PokeStatFinder\PokeStatFinder.csproj", "{1943C310-492E-4009-83C2-F5A86130F181}"
EndProject
Global
	GlobalSection(SolutionConfigurationPlatforms) = preSolution
		Debug|Any CPU = Debug|Any CPU
		Release|Any CPU = Release|Any CPU
	EndGlobalSection
	GlobalSection(ProjectConfigurationPlatforms) = postSolution
		{1943C310-492E-4009-83C2-F5A86130F181}.Debug|Any CPU.ActiveCfg = Debug|Any CPU
		{1943C310-492E-4009-83C2-F5A86130F181}.Debug|Any CPU.Build.0 = Debug|Any CPU
		{1943C310-492E-4009-83C2-F5A86130F181}.Release|Any CPU.ActiveCfg = Release|Any CPU
		{1943C310-492E-4009-83C2-F5A86130F181}.Release|Any CPU.Build.0 = Release|Any CPU
	EndGlobalSection
	GlobalSection(SolutionProperties) = preSolution
		HideSolutionNode = FALSE
	EndGlobalSection
EndGlobal
